
Microsoft Visual Studio Solution File, Format Version 12.00
# Visual Studio Version 17
VisualStudioVersion = 17.0.31903.59
MinimumVisualStudioVersion = 10.0.40219.1
Project("{FAE04EC0-301F-11D3-BF4B-00C04F79EFBC}") = "FenBrowser.Core", "FenBrowser.Core\FenBrowser.Core.csproj", "{0B778E16-731E-4661-B98E-3234DD0F90B4}"
EndProject
Project("{FAE04EC0-301F-11D3-BF4B-00C04F79EFBC}") = "FenBrowser.FenEngine", "FenBrowser.FenEngine\FenBrowser.FenEngine.csproj", "{4D098FB5-091F-4AF9-B094-38D089077574}"
EndProject
Project("{FAE04EC0-301F-11D3-BF4B-00C04F79EFBC}") = "FenBrowser.Host", "FenBrowser.Host\FenBrowser.Host.csproj", "{7E0C6E93-641B-4192-9FE7-7200FDF1DFBD}"
EndProject
Project("{FAE04EC0-301F-11D3-BF4B-00C04F79EFBC}") = "FenBrowser.DevTools", "FenBrowser.DevTools\FenBrowser.DevTools.csproj", "{0116A6EB-BB85-4414-AC96-28AFC02F36CE}"
EndProject
Project("{FAE04EC0-301F-11D3-BF4B-00C04F79EFBC}") = "FenBrowser.WebDriver", "FenBrowser.WebDriver\FenBrowser.WebDriver.csproj", "{DAD19852-9F27-4D7D-A345-6543A1F0D7EB}"
EndProject
Project("{FAE04EC0-301F-11D3-BF4B-00C04F79EFBC}") = "FenBrowser.Tests", "FenBrowser.Tests\FenBrowser.Tests.csproj", "{8BCB63A5-9873-4503-87EC-AD61E67BDD67}"
EndProject
Project("{FAE04EC0-301F-11D3-BF4B-00C04F79EFBC}") = "FenBrowser.Test262", "FenBrowser.Test262\FenBrowser.Test262.csproj", "{F61E43F8-8036-4291-B9CE-61ADE788BB32}"
EndProject
Project("{FAE04EC0-301F-11D3-BF4B-00C04F79EFBC}") = "FenBrowser.WPT", "FenBrowser.WPT\FenBrowser.WPT.csproj", "{1677A7B4-E7BF-421D-9B70-ACD9EA546800}"
EndProject
Project("{FAE04EC0-301F-11D3-BF4B-00C04F79EFBC}") = "FenBrowser.Conformance", "FenBrowser.Conformance\FenBrowser.Conformance.csproj", "{23316230-0442-493B-A8B8-D08AAC4A1035}"
EndProject
Global
	GlobalSection(SolutionConfigurationPlatforms) = preSolution
		Debug|Any CPU = Debug|Any CPU
		Debug|x64 = Debug|x64
		Debug|x86 = Debug|x86
		Release|Any CPU = Release|Any CPU
		Release|x64 = Release|x64
		Release|x86 = Release|x86
	EndGlobalSection
	GlobalSection(ProjectConfigurationPlatforms) = postSolution
		{0B778E16-731E-4661-B98E-3234DD0F90B4}.Debug|Any CPU.ActiveCfg = Debug|Any CPU
		{0B778E16-731E-4661-B98E-3234DD0F90B4}.Debug|Any CPU.Build.0 = Debug|Any CPU
		{0B778E16-731E-4661-B98E-3234DD0F90B4}.Debug|x64.ActiveCfg = Debug|Any CPU
		{0B778E16-731E-4661-B98E-3234DD0F90B4}.Debug|x64.Build.0 = Debug|Any CPU
		{0B778E16-731E-4661-B98E-3234DD0F90B4}.Debug|x86.ActiveCfg = Debug|Any CPU
		{0B778E16-731E-4661-B98E-3234DD0F90B4}.Debug|x86.Build.0 = Debug|Any CPU
		{0B778E16-731E-4661-B98E-3234DD0F90B4}.Release|Any CPU.ActiveCfg = Release|Any CPU
		{0B778E16-731E-4661-B98E-3234DD0F90B4}.Release|Any CPU.Build.0 = Release|Any CPU
		{0B778E16-731E-4661-B98E-3234DD0F90B4}.Release|x64.ActiveCfg = Release|Any CPU
		{0B778E16-731E-4661-B98E-3234DD0F90B4}.Release|x64.Build.0 = Release|Any CPU
		{0B778E16-731E-4661-B98E-3234DD0F90B4}.Release|x86.ActiveCfg = Release|Any CPU
		{0B778E16-731E-4661-B98E-3234DD0F90B4}.Release|x86.Build.0 = Release|Any CPU
		{4D098FB5-091F-4AF9-B094-38D089077574}.Debug|Any CPU.ActiveCfg = Debug|Any CPU
		{4D098FB5-091F-4AF9-B094-38D089077574}.Debug|Any CPU.Build.0 = Debug|Any CPU
		{4D098FB5-091F-4AF9-B094-38D089077574}.Debug|x64.ActiveCfg = Debug|Any CPU
		{4D098FB5-091F-4AF9-B094-38D089077574}.Debug|x64.Build.0 = Debug|Any CPU
		{4D098FB5-091F-4AF9-B094-38D089077574}.Debug|x86.ActiveCfg = Debug|Any CPU
		{4D098FB5-091F-4AF9-B094-38D089077574}.Debug|x86.Build.0 = Debug|Any CPU
		{4D098FB5-091F-4AF9-B094-38D089077574}.Release|Any CPU.ActiveCfg = Release|Any CPU
		{4D098FB5-091F-4AF9-B094-38D089077574}.Release|Any CPU.Build.0 = Release|Any CPU
		{4D098FB5-091F-4AF9-B094-38D089077574}.Release|x64.ActiveCfg = Release|Any CPU
		{4D098FB5-091F-4AF9-B094-38D089077574}.Release|x64.Build.0 = Release|Any CPU
		{4D098FB5-091F-4AF9-B094-38D089077574}.Release|x86.ActiveCfg = Release|Any CPU
		{4D098FB5-091F-4AF9-B094-38D089077574}.Release|x86.Build.0 = Release|Any CPU
		{7E0C6E93-641B-4192-9FE7-7200FDF1DFBD}.Debug|Any CPU.ActiveCfg = Debug|Any CPU
		{7E0C6E93-641B-4192-9FE7-7200FDF1DFBD}.Debug|Any CPU.Build.0 = Debug|Any CPU
		{7E0C6E93-641B-4192-9FE7-7200FDF1DFBD}.Debug|x64.ActiveCfg = Debug|Any CPU
		{7E0C6E93-641B-4192-9FE7-7200FDF1DFBD}.Debug|x64.Build.0 = Debug|Any CPU
		{7E0C6E93-641B-4192-9FE7-7200FDF1DFBD}.Debug|x86.ActiveCfg = Debug|Any CPU
		{7E0C6E93-641B-4192-9FE7-7200FDF1DFBD}.Debug|x86.Build.0 = Debug|Any CPU
		{7E0C6E93-641B-4192-9FE7-7200FDF1DFBD}.Release|Any CPU.ActiveCfg = Release|Any CPU
		{7E0C6E93-641B-4192-9FE7-7200FDF1DFBD}.Release|Any CPU.Build.0 = Release|Any CPU
		{7E0C6E93-641B-4192-9FE7-7200FDF1DFBD}.Release|x64.ActiveCfg = Release|Any CPU
		{7E0C6E93-641B-4192-9FE7-7200FDF1DFBD}.Release|x64.Build.0 = Release|Any CPU
		{7E0C6E93-641B-4192-9FE7-7200FDF1DFBD}.Release|x86.ActiveCfg = Release|Any CPU
		{7E0C6E93-641B-4192-9FE7-7200FDF1DFBD}.Release|x86.Build.0 = Release|Any CPU
		{0116A6EB-BB85-4414-AC96-28AFC02F36CE}.Debug|Any CPU.ActiveCfg = Debug|Any CPU
		{0116A6EB-BB85-4414-AC96-28AFC02F36CE}.Debug|Any CPU.Build.0 = Debug|Any CPU
		{0116A6EB-BB85-4414-AC96-28AFC02F36CE}.Debug|x64.ActiveCfg = Debug|Any CPU
		{0116A6EB-BB85-4414-AC96-28AFC02F36CE}.Debug|x64.Build.0 = Debug|Any CPU
		{0116A6EB-BB85-4414-AC96-28AFC02F36CE}.Debug|x86.ActiveCfg = Debug|Any CPU
		{0116A6EB-BB85-4414-AC96-28AFC02F36CE}.Debug|x86.Build.0 = Debug|Any CPU
		{0116A6EB-BB85-4414-AC96-28AFC02F36CE}.Release|Any CPU.ActiveCfg = Release|Any CPU
		{0116A6EB-BB85-4414-AC96-28AFC02F36CE}.Release|Any CPU.Build.0 = Release|Any CPU
		{0116A6EB-BB85-4414-AC96-28AFC02F36CE}.Release|x64.ActiveCfg = Release|Any CPU
		{0116A6EB-BB85-4414-AC96-28AFC02F36CE}.Release|x64.Build.0 = Release|Any CPU
		{0116A6EB-BB85-4414-AC96-28AFC02F36CE}.Release|x86.ActiveCfg = Release|Any CPU
		{0116A6EB-BB85-4414-AC96-28AFC02F36CE}.Release|x86.Build.0 = Release|Any CPU
		{DAD19852-9F27-4D7D-A345-6543A1F0D7EB}.Debug|Any CPU.ActiveCfg = Debug|Any CPU
		{DAD19852-9F27-4D7D-A345-6543A1F0D7EB}.Debug|Any CPU.Build.0 = Debug|Any CPU
		{DAD19852-9F27-4D7D-A345-6543A1F0D7EB}.Debug|x64.ActiveCfg = Debug|Any CPU
		{DAD19852-9F27-4D7D-A345-6543A1F0D7EB}.Debug|x64.Build.0 = Debug|Any CPU
		{DAD19852-9F27-4D7D-A345-6543A1F0D7EB}.Debug|x86.ActiveCfg = Debug|Any CPU
		{DAD19852-9F27-4D7D-A345-6543A1F0D7EB}.Debug|x86.Build.0 = Debug|Any CPU
		{DAD19852-9F27-4D7D-A345-6543A1F0D7EB}.Release|Any CPU.ActiveCfg = Release|Any CPU
		{DAD19852-9F27-4D7D-A345-6543A1F0D7EB}.Release|Any CPU.Build.0 = Release|Any CPU
		{DAD19852-9F27-4D7D-A345-6543A1F0D7EB}.Release|x64.ActiveCfg = Release|Any CPU
		{DAD19852-9F27-4D7D-A345-6543A1F0D7EB}.Release|x64.Build.0 = Release|Any CPU
		{DAD19852-9F27-4D7D-A345-6543A1F0D7EB}.Release|x86.ActiveCfg = Release|Any CPU
		{DAD19852-9F27-4D7D-A345-6543A1F0D7EB}.Release|x86.Build.0 = Release|Any CPU
		{8BCB63A5-9873-4503-87EC-AD61E67BDD67}.Debug|Any CPU.ActiveCfg = Debug|Any CPU
		{8BCB63A5-9873-4503-87EC-AD61E67BDD67}.Debug|Any CPU.Build.0 = Debug|Any CPU
		{8BCB63A5-9873-4503-87EC-AD61E67BDD67}.Debug|x64.ActiveCfg = Debug|Any CPU
		{8BCB63A5-9873-4503-87EC-AD61E67BDD67}.Debug|x64.Build.0 = Debug|Any CPU
		{8BCB63A5-9873-4503-87EC-AD61E67BDD67}.Debug|x86.ActiveCfg = Debug|Any CPU
		{8BCB63A5-9873-4503-87EC-AD61E67BDD67}.Debug|x86.Build.0 = Debug|Any CPU
		{8BCB63A5-9873-4503-87EC-AD61E67BDD67}.Release|Any CPU.ActiveCfg = Release|Any CPU
		{8BCB63A5-9873-4503-87EC-AD61E67BDD67}.Release|Any CPU.Build.0 = Release|Any CPU
		{8BCB63A5-9873-4503-87EC-AD61E67BDD67}.Release|x64.ActiveCfg = Release|Any CPU
		{8BCB63A5-9873-4503-87EC-AD61E67BDD67}.Release|x64.Build.0 = Release|Any CPU
		{8BCB63A5-9873-4503-87EC-AD61E67BDD67}.Release|x86.ActiveCfg = Release|Any CPU
		{8BCB63A5-9873-4503-87EC-AD61E67BDD67}.Release|x86.Build.0 = Release|Any CPU
		{F61E43F8-8036-4291-B9CE-61ADE788BB32}.Debug|Any CPU.ActiveCfg = Debug|Any CPU
		{F61E43F8-8036-4291-B9CE-61ADE788BB32}.Debug|Any CPU.Build.0 = Debug|Any CPU
		{F61E43F8-8036-4291-B9CE-61ADE788BB32}.Debug|x64.ActiveCfg = Debug|Any CPU
		{F61E43F8-8036-4291-B9CE-61ADE788BB32}.Debug|x64.Build.0 = Debug|Any CPU
		{F61E43F8-8036-4291-B9CE-61ADE788BB32}.Debug|x86.ActiveCfg = Debug|Any CPU
		{F61E43F8-8036-4291-B9CE-61ADE788BB32}.Debug|x86.Build.0 = Debug|Any CPU
		{F61E43F8-8036-4291-B9CE-61ADE788BB32}.Release|Any CPU.ActiveCfg = Release|Any CPU
		{F61E43F8-8036-4291-B9CE-61ADE788BB32}.Release|Any CPU.Build.0 = Release|Any CPU
		{F61E43F8-8036-4291-B9CE-61ADE788BB32}.Release|x64.ActiveCfg = Release|Any CPU
		{F61E43F8-8036-4291-B9CE-61ADE788BB32}.Release|x64.Build.0 = Release|Any CPU
		{F61E43F8-8036-4291-B9CE-61ADE788BB32}.Release|x86.ActiveCfg = Release|Any CPU
		{F61E43F8-8036-4291-B9CE-61ADE788BB32}.Release|x86.Build.0 = Release|Any CPU
		{1677A7B4-E7BF-421D-9B70-ACD9EA546800}.Debug|Any CPU.ActiveCfg = Debug|Any CPU
		{1677A7B4-E7BF-421D-9B70-ACD9EA546800}.Debug|Any CPU.Build.0 = Debug|Any CPU
		{1677A7B4-E7BF-421D-9B70-ACD9EA546800}.Debug|x64.ActiveCfg = Debug|Any CPU
		{1677A7B4-E7BF-421D-9B70-ACD9EA546800}.Debug|x64.Build.0 = Debug|Any CPU
		{1677A7B4-E7BF-421D-9B70-ACD9EA546800}.Debug|x86.ActiveCfg = Debug|Any CPU
		{1677A7B4-E7BF-421D-9B70-ACD9EA546800}.Debug|x86.Build.0 = Debug|Any CPU
		{1677A7B4-E7BF-421D-9B70-ACD9EA546800}.Release|Any CPU.ActiveCfg = Release|Any CPU
		{1677A7B4-E7BF-421D-9B70-ACD9EA546800}.Release|Any CPU.Build.0 = Release|Any CPU
		{1677A7B4-E7BF-421D-9B70-ACD9EA546800}.Release|x64.ActiveCfg = Release|Any CPU
		{1677A7B4-E7BF-421D-9B70-ACD9EA546800}.Release|x64.Build.0 = Release|Any CPU
		{1677A7B4-E7BF-421D-9B70-ACD9EA546800}.Release|x86.ActiveCfg = Release|Any CPU
		{1677A7B4-E7BF-421D-9B70-ACD9EA546800}.Release|x86.Build.0 = Release|Any CPU
		{23316230-0442-493B-A8B8-D08AAC4A1035}.Debug|Any CPU.ActiveCfg = Debug|Any CPU
		{23316230-0442-493B-A8B8-D08AAC4A1035}.Debug|Any CPU.Build.0 = Debug|Any CPU
		{23316230-0442-493B-A8B8-D08AAC4A1035}.Debug|x64.ActiveCfg = Debug|Any CPU
		{23316230-0442-493B-A8B8-D08AAC4A1035}.Debug|x64.Build.0 = Debug|Any CPU
		{23316230-0442-493B-A8B8-D08AAC4A1035}.Debug|x86.ActiveCfg = Debug|Any CPU
		{23316230-0442-493B-A8B8-D08AAC4A1035}.Debug|x86.Build.0 = Debug|Any CPU
		{23316230-0442-493B-A8B8-D08AAC4A1035}.Release|Any CPU.ActiveCfg = Release|Any CPU
		{23316230-0442-493B-A8B8-D08AAC4A1035}.Release|Any CPU.Build.0 = Release|Any CPU
		{23316230-0442-493B-A8B8-D08AAC4A1035}.Release|x64.ActiveCfg = Release|Any CPU
		{23316230-0442-493B-A8B8-D08AAC4A1035}.Release|x64.Build.0 = Release|Any CPU
		{23316230-0442-493B-A8B8-D08AAC4A1035}.Release|x86.ActiveCfg = Release|Any CPU
		{23316230-0442-493B-A8B8-D08AAC4A1035}.Release|x86.Build.0 = Release|Any CPU
	EndGlobalSection
	GlobalSection(SolutionProperties) = preSolution
		HideSolutionNode = FALSE
	EndGlobalSection
	GlobalSection(ExtensibilityGlobals) = postSolution
		SolutionGuid = {9F558FED-EC45-4D90-906A-E6B2C9A06E89}
	EndGlobalSection
EndGlobal
