{
  "version": 1,
  "dependencies": {
    "net10.0": {
      "fenbrowser.media": {
        "type": "Project"
      },
      "fenbrowser.media.audio": {
        "type": "Project",
        "dependencies": {
          "FenBrowser.Media": "[1.0.0, )"
        }
      },
      "fenbrowser.media.codecs.ffmpeg": {
        "type": "Project",
        "dependencies": {
          "FenBrowser.Media": "[1.0.0, )"
        }
      },
      "fenbrowser.media.codecs.mediafoundation": {
        "type": "Project",
        "dependencies": {
          "FenBrowser.Media": "[1.0.0, )",
          "FenBrowser.Media.Gpu": "[1.0.0, )"
        }
      },
      "fenbrowser.media.gpu": {
        "type": "Project",
        "dependencies": {
          "FenBrowser.Media": "[1.0.0, )"
        }
      }
    }
  }
}