{
  "version": 1,
  "dependencies": {
    "net10.0": {
      "SkiaSharp": {
        "type": "Direct",
        "requested": "[2.88.9, )",
        "resolved": "2.88.9",
        "contentHash": "3MD5VHjXXieSHCleRLuaTXmL2pD0mB7CcOB1x2kA1I4bhptf4e3R27iM93264ZYuAq6mkUyX5XbcxnZvMJYc1Q==",
        "dependencies": {
          "SkiaSharp.NativeAssets.Win32": "2.88.9",
          "SkiaSharp.NativeAssets.macOS": "2.88.9"
        }
      },
      "ExCSS": {
        "type": "Transitive",
        "resolved": "4.3.1",
        "contentHash": "A8UtcghHQlWxPJhJF5bsfEYO7068JHGTuJ7tzyyMjd5fE/N/xY1cVOUhzuLLFwMOCJVnM4mqSQc93W9fGfZ1kA=="
      },
      "HarfBuzzSharp": {
        "type": "Transitive",
        "resolved": "8.3.1.2",
        "contentHash": "fqZTo17dEIn/u/YZ1A6avsmF8BYoLSvDsHm+uDp38wortckHWZhJ5pMwJW97xTeOZ9/oxqwUQfRMkf6ni9s5Gw==",
        "dependencies": {
          "HarfBuzzSharp.NativeAssets.Win32": "8.3.1.2",
          "HarfBuzzSharp.NativeAssets.macOS": "8.3.1.2"
        }
      },
      "HarfBuzzSharp.NativeAssets.macOS": {
        "type": "Transitive",
        "resolved": "8.3.1.2",
        "contentHash": "+0NtlZSQA540z6VpVoajXldvAOuj5D+BWceh70U3YApxcpUKD/5hjdbdzvyhRaTSTCSZNjRxeaWpBpgJ1U1YcQ=="
      },
      "HarfBuzzSharp.NativeAssets.Win32": {
        "type": "Transitive",
        "resolved": "8.3.1.2",
        "contentHash": "qmYJsYtOPVeLg7NQoKO5fq1oc5mRKzdgxBXWICx0R03epZ1RIsuzgWRFhVNN0br3c+J+9rIQhy0SXdBwVv0ebA=="
      },
      "Microsoft.Extensions.DependencyInjection.Abstractions": {
        "type": "Transitive",
        "resolved": "10.0.0",
        "contentHash": "L3AdmZ1WOK4XXT5YFPEwyt0ep6l8lGIPs7F5OOBZc77Zqeo01Of7XXICy47628sdVl0v/owxYJTe86DTgFwKCA=="
      },
      "Microsoft.Extensions.Logging.Abstractions": {
        "type": "Transitive",
        "resolved": "10.0.0",
        "contentHash": "FU/IfjDfwaMuKr414SSQNTIti/69bHEMb+QKrskRb26oVqpx3lNFXMjs/RC9ZUuhBhcwDM2BwOgoMw+PZ+beqQ==",
        "dependencies": {
          "Microsoft.Extensions.DependencyInjection.Abstractions": "10.0.0"
        }
      },
      "ShimSkiaSharp": {
        "type": "Transitive",
        "resolved": "3.2.1",
        "contentHash": "WyMf+0aj5IJcHkG/t89WApGFg756oXB30ehu9kYu9hjdfS0snkXHoAiTJZqVlqyLOvzC6eA+nOQ2hI84g//5Pg=="
      },
      "SkiaSharp.HarfBuzz": {
        "type": "Transitive",
        "resolved": "2.88.9",
        "contentHash": "5lyjX04CSWTKFYMSNN6SMupV2qzYDr8W/u8S3ZEkr+Sg3kOi0YE06EOqG0tzn/YPBID89xam4L3rz3hUUKOGEQ==",
        "dependencies": {
          "HarfBuzzSharp": "7.3.0.3",
          "SkiaSharp": "2.88.9"
        }
      },
      "SkiaSharp.NativeAssets.Linux.NoDependencies": {
        "type": "Transitive",
        "resolved": "2.88.9",
        "contentHash": "ZA9syMvIuoqxPhyFTgde/bNV6VMdeYT9gRdNQT5O+ZjPK+a/nVkKRrqBbn7EVA7XQiW+xIycyT4gW/sea9eh+w==",
        "dependencies": {
          "SkiaSharp": "2.88.9"
        }
      },
      "SkiaSharp.NativeAssets.macOS": {
        "type": "Transitive",
        "resolved": "2.88.9",
        "contentHash": "Nv5spmKc4505Ep7oUoJ5vp3KweFpeNqxpyGDWyeEPTX2uR6S6syXIm3gj75dM0YJz7NPvcix48mR5laqs8dPuA=="
      },
      "SkiaSharp.NativeAssets.Win32": {
        "type": "Transitive",
        "resolved": "2.88.9",
        "contentHash": "wb2kYgU7iy84nQLYZwMeJXixvK++GoIuECjU4ECaUKNuflyRlJKyiRhN1MAHswvlvzuvkrjRWlK0Za6+kYQK7w=="
      },
      "Svg.Custom": {
        "type": "Transitive",
        "resolved": "3.2.1",
        "contentHash": "Wu0+Il+SZfY5+AT25b2PMlSbBrzGIo/6vMMMdOK8jd25I9tdJJbxOFJNG87gFgo9UY9OmpIFzVobGOHzFdJYeQ==",
        "dependencies": {
          "ExCSS": "4.3.1"
        }
      },
      "Svg.Model": {
        "type": "Transitive",
        "resolved": "3.2.1",
        "contentHash": "N4yWlvqv1XWZ+VvI29lT4HkEgtiP3rS/poMfWiVzz6Ao/3IjQCfmo2qrKphq77IqTdMYyh7wGDknMId7YrQY5Q==",
        "dependencies": {
          "ShimSkiaSharp": "3.2.1",
          "Svg.Custom": "3.2.1"
        }
      },
      "Svg.Skia": {
        "type": "Transitive",
        "resolved": "3.2.1",
        "contentHash": "pRJtMOc2hTcnxSu7cx6lf806S+2VrQ0eqUpGMBUQQ/pIIvzrtn0+lUjdABTvjr5rsdQF9OxE+r9npq2+3c6T4A==",
        "dependencies": {
          "SkiaSharp": "2.88.9",
          "Svg.Custom": "3.2.1",
          "Svg.Model": "3.2.1"
        }
      },
      "fenbrowser.core": {
        "type": "Project",
        "dependencies": {
          "SkiaSharp": "[2.88.9, )"
        }
      },
      "fenbrowser.fenengine": {
        "type": "Project",
        "dependencies": {
          "FenBrowser.Core": "[1.0.0, )",
          "FenBrowser.Js": "[1.0.0, )",
          "HarfBuzzSharp": "[8.3.1.2, )",
          "SkiaSharp": "[2.88.9, )",
          "SkiaSharp.HarfBuzz": "[2.88.9, )",
          "SkiaSharp.NativeAssets.Linux.NoDependencies": "[2.88.9, )",
          "Svg.Skia": "[3.2.1, )"
        }
      },
      "fenbrowser.js": {
        "type": "Project",
        "dependencies": {
          "Microsoft.Extensions.Logging.Abstractions": "[10.0.0, )"
        }
      }
    }
  }
}