{
  "version": 1,
  "dependencies": {
    "net10.0": {
      "coverlet.collector": {
        "type": "Direct",
        "requested": "[6.0.2, )",
        "resolved": "6.0.2",
        "contentHash": "bJShQ6uWRTQ100ZeyiMqcFlhP7WJ+bCuabUs885dJiBEzMsJMSFr7BOyeCw4rgvQokteGi5rKQTlkhfQPUXg2A=="
      },
      "Microsoft.NET.Test.Sdk": {
        "type": "Direct",
        "requested": "[17.12.0, )",
        "resolved": "17.12.0",
        "contentHash": "kt/PKBZ91rFCWxVIJZSgVLk+YR+4KxTuHf799ho8WNiK5ZQpJNAEZCAWX86vcKrs+DiYjiibpYKdGZP6+/N17w==",
        "dependencies": {
          "Microsoft.CodeCoverage": "17.12.0",
          "Microsoft.TestPlatform.TestHost": "17.12.0"
        }
      },
      "xunit": {
        "type": "Direct",
        "requested": "[2.9.2, )",
        "resolved": "2.9.2",
        "contentHash": "7LhFS2N9Z6Xgg8aE5lY95cneYivRMfRI8v+4PATa4S64D5Z/Plkg0qa8dTRHSiGRgVZ/CL2gEfJDE5AUhOX+2Q==",
        "dependencies": {
          "xunit.analyzers": "1.16.0",
          "xunit.assert": "2.9.2",
          "xunit.core": "[2.9.2]"
        }
      },
      "xunit.runner.visualstudio": {
        "type": "Direct",
        "requested": "[2.8.2, )",
        "resolved": "2.8.2",
        "contentHash": "vm1tbfXhFmjFMUmS4M0J0ASXz3/U5XvXBa6DOQUL3fEz4Vt6YPhv+ESCarx6M6D+9kJkJYZKCNvJMas1+nVfmQ=="
      },
      "ExCSS": {
        "type": "Transitive",
        "resolved": "4.3.1",
        "contentHash": "A8UtcghHQlWxPJhJF5bsfEYO7068JHGTuJ7tzyyMjd5fE/N/xY1cVOUhzuLLFwMOCJVnM4mqSQc93W9fGfZ1kA=="
      },
      "HarfBuzzSharp": {
        "type": "Transitive",
        "resolved": "8.3.1.2",
        "contentHash": "fqZTo17dEIn/u/YZ1A6avsmF8BYoLSvDsHm+uDp38wortckHWZhJ5pMwJW97xTeOZ9/oxqwUQfRMkf6ni9s5Gw==",
        "dependencies": {
          "HarfBuzzSharp.NativeAssets.Win32": "8.3.1.2",
          "HarfBuzzSharp.NativeAssets.macOS": "8.3.1.2"
        }
      },
      "HarfBuzzSharp.NativeAssets.macOS": {
        "type": "Transitive",
        "resolved": "8.3.1.2",
        "contentHash": "+0NtlZSQA540z6VpVoajXldvAOuj5D+BWceh70U3YApxcpUKD/5hjdbdzvyhRaTSTCSZNjRxeaWpBpgJ1U1YcQ=="
      },
      "HarfBuzzSharp.NativeAssets.Win32": {
        "type": "Transitive",
        "resolved": "8.3.1.2",
        "contentHash": "qmYJsYtOPVeLg7NQoKO5fq1oc5mRKzdgxBXWICx0R03epZ1RIsuzgWRFhVNN0br3c+J+9rIQhy0SXdBwVv0ebA=="
      },
      "Microsoft.CodeCoverage": {
        "type": "Transitive",
        "resolved": "17.12.0",
        "contentHash": "4svMznBd5JM21JIG2xZKGNanAHNXplxf/kQDFfLHXQ3OnpJkayRK/TjacFjA+EYmoyuNXHo/sOETEfcYtAzIrA=="
      },
      "Microsoft.DotNet.PlatformAbstractions": {
        "type": "Transitive",
        "resolved": "3.1.6",
        "contentHash": "jek4XYaQ/PGUwDKKhwR8K47Uh1189PFzMeLqO83mXrXQVIpARZCcfuDedH50YDTepBkfijCZN5U/vZi++erxtg=="
      },
      "Microsoft.Extensions.DependencyInjection.Abstractions": {
        "type": "Transitive",
        "resolved": "10.0.0",
        "contentHash": "L3AdmZ1WOK4XXT5YFPEwyt0ep6l8lGIPs7F5OOBZc77Zqeo01Of7XXICy47628sdVl0v/owxYJTe86DTgFwKCA=="
      },
      "Microsoft.Extensions.DependencyModel": {
        "type": "Transitive",
        "resolved": "9.0.9",
        "contentHash": "fNGvKct2De8ghm0Bpfq0iWthtzIWabgOTi+gJhNOPhNJIowXNEUE2eZNW/zNCzrHVA3PXg2yZ+3cWZndC2IqYA=="
      },
      "Microsoft.Extensions.Logging.Abstractions": {
        "type": "Transitive",
        "resolved": "10.0.0",
        "contentHash": "FU/IfjDfwaMuKr414SSQNTIti/69bHEMb+QKrskRb26oVqpx3lNFXMjs/RC9ZUuhBhcwDM2BwOgoMw+PZ+beqQ==",
        "dependencies": {
          "Microsoft.Extensions.DependencyInjection.Abstractions": "10.0.0"
        }
      },
      "Microsoft.TestPlatform.ObjectModel": {
        "type": "Transitive",
        "resolved": "17.12.0",
        "contentHash": "TDqkTKLfQuAaPcEb3pDDWnh7b3SyZF+/W9OZvWFp6eJCIiiYFdSB6taE2I6tWrFw5ywhzOb6sreoGJTI6m3rSQ=="
      },
      "Microsoft.TestPlatform.TestHost": {
        "type": "Transitive",
        "resolved": "17.12.0",
        "contentHash": "MiPEJQNyADfwZ4pJNpQex+t9/jOClBGMiCiVVFuELCMSX2nmNfvUor3uFVxNNCg30uxDP8JDYfPnMXQzsfzYyg==",
        "dependencies": {
          "Microsoft.TestPlatform.ObjectModel": "17.12.0",
          "Newtonsoft.Json": "13.0.1"
        }
      },
      "Newtonsoft.Json": {
        "type": "Transitive",
        "resolved": "13.0.1",
        "contentHash": "ppPFpBcvxdsfUonNcvITKqLl3bqxWbDCZIzDWHzjpdAHRFfZe0Dw9HmA0+za13IdyrgJwpkDTDA9fHaxOrt20A=="
      },
      "NodaTime": {
        "type": "Transitive",
        "resolved": "3.3.2",
        "contentHash": "8hI5b1ENTKQCaPyU6YHpYiMwj5aJKZ4Mnv0bLbhk65Dd44gQsXenUohMzyiIphANa8LdW6vcOvpY/l1urvx4dw=="
      },
      "ShimSkiaSharp": {
        "type": "Transitive",
        "resolved": "3.2.1",
        "contentHash": "WyMf+0aj5IJcHkG/t89WApGFg756oXB30ehu9kYu9hjdfS0snkXHoAiTJZqVlqyLOvzC6eA+nOQ2hI84g//5Pg=="
      },
      "Silk.NET.Core": {
        "type": "Transitive",
        "resolved": "2.23.0",
        "contentHash": "D7AT/nnwlB+4RZ84XY8QNGBZMJI5z9l4CSSETIJ1wCfRJzRt/341y3MRZ4HbnFz4r/IGaWOEZr86iE+0/65yyQ==",
        "dependencies": {
          "Microsoft.DotNet.PlatformAbstractions": "3.1.6",
          "Microsoft.Extensions.DependencyModel": "9.0.9"
        }
      },
      "Silk.NET.GLFW": {
        "type": "Transitive",
        "resolved": "2.21.0",
        "contentHash": "HWu21xUICqYH9ZfSlQo4c71Q7o++tip2v7LiWczvEwgqlJacZ3L9c1+jyOlfcGo9IN9pRao8QIbPNC9dlMcSZQ==",
        "dependencies": {
          "Silk.NET.Core": "2.21.0",
          "Ultz.Native.GLFW": "3.4.0"
        }
      },
      "Silk.NET.Input": {
        "type": "Transitive",
        "resolved": "2.21.0",
        "contentHash": "XYAhE2/lBjGT5wOZ/6CrHSQhdg930jojpe75A9+GT0AtCRXiy+m8OVq5y1lHE9Qja/0YQkqR42jWvDWP2xbkkw==",
        "dependencies": {
          "Silk.NET.Input.Common": "2.21.0",
          "Silk.NET.Input.Glfw": "2.21.0",
          "Silk.NET.Input.Sdl": "2.21.0"
        }
      },
      "Silk.NET.Input.Common": {
        "type": "Transitive",
        "resolved": "2.21.0",
        "contentHash": "olS5rw8KEakrJXSWNEAcU52SesxpwYECjLFP/L+vA3G8Gr798DeOzwlp6PMZpQkqXYkmkxoOaSeL9Yjf4A5ayQ==",
        "dependencies": {
          "Silk.NET.Windowing.Common": "2.21.0"
        }
      },
      "Silk.NET.Input.Glfw": {
        "type": "Transitive",
        "resolved": "2.21.0",
        "contentHash": "Erkv6cYH8+BCQ//JqTstxlblVh7EkNZ7aJmwWb4+DH5S7xLbsd6brHaMoZmjS6AO06Gidmek8dLSTFFpPoesRg==",
        "dependencies": {
          "Silk.NET.Input.Common": "2.21.0",
          "Silk.NET.Windowing.Glfw": "2.21.0"
        }
      },
      "Silk.NET.Input.Sdl": {
        "type": "Transitive",
        "resolved": "2.21.0",
        "contentHash": "p6svgz5K6jAmh05eGBPk9GDDO2zasf2L1b2nnthivlx9ImyW6iN7LMYMU5mxtKCcbGVqNE8vLfe4nP1901cg6Q==",
        "dependencies": {
          "Silk.NET.Input.Common": "2.21.0",
          "Silk.NET.Windowing.Sdl": "2.21.0"
        }
      },
      "Silk.NET.Maths": {
        "type": "Transitive",
        "resolved": "2.21.0",
        "contentHash": "1Hv05KJmKXzzlp3+nFHl2A8yaugGkAj0gCSOaSsLFNFnwuLUIKLBGaC6y23JgGYnK+1t1DS40oPOquHQPI06rg=="
      },
      "Silk.NET.OpenGLES": {
        "type": "Transitive",
        "resolved": "2.21.0",
        "contentHash": "Rte9keyiTTTWexX0jdEChoXUGfoZkTgFtDz6mva6UWKvulFsFn4HTv1mOPfc5xZLeyuFuM0q3TP62J3uFs/DKw==",
        "dependencies": {
          "Silk.NET.Core": "2.21.0",
          "Silk.NET.Maths": "2.21.0"
        }
      },
      "Silk.NET.OpenGLES.ANGLE.Native": {
        "type": "Transitive",
        "resolved": "2025.9.12",
        "contentHash": "79A4SruVjCEMCh/CQv9oANQ9aFLHtrjbfuW3DB3H8Hx+qOucYJtuhwmS0kxeYgqh12HrAKKkpksgOrnYtIQY5Q=="
      },
      "Silk.NET.OpenGLES.Extensions.EXT": {
        "type": "Transitive",
        "resolved": "2.23.0",
        "contentHash": "0ghnhofg/mSGIHuMGEp4byq/HBKPl7+/NPv7OsAWijsCTqj6UrDnjG3fXr9EKV0OJU3YMwCXIE+qHHk6Vu7Lww==",
        "dependencies": {
          "Silk.NET.Core": "2.23.0",
          "Silk.NET.OpenGLES": "2.23.0"
        }
      },
      "Silk.NET.SDL": {
        "type": "Transitive",
        "resolved": "2.21.0",
        "contentHash": "Abv1Fon0iT1tyN9ZrUZH1k2mVKPxLA9L2IKhmM7/I0VGvZ+xMta2vxvOGBZWfej1m/6wdSw24YONY86GLB1Y7g==",
        "dependencies": {
          "Silk.NET.Core": "2.21.0",
          "Silk.NET.Maths": "2.21.0",
          "Ultz.Native.SDL": "2.30.1"
        }
      },
      "Silk.NET.Windowing": {
        "type": "Transitive",
        "resolved": "2.21.0",
        "contentHash": "eLcqO5Ga4SpgVUU+STb071C4MJEhfEyPTiUvgOIBPUM5F7yMexWXNVoy65DzTrTPMNbuuMcfS45TrlJE322j+w==",
        "dependencies": {
          "Silk.NET.Windowing.Common": "2.21.0",
          "Silk.NET.Windowing.Glfw": "2.21.0"
        }
      },
      "Silk.NET.Windowing.Common": {
        "type": "Transitive",
        "resolved": "2.21.0",
        "contentHash": "kA+E52DU65Rjcu4CKHvpioz1FLRo/iabxsS+hEjOKxMKuus90hMQ0mADI6PVN8nbge4vaHZ9n28yGAOV7CXo+Q==",
        "dependencies": {
          "Silk.NET.Core": "2.21.0",
          "Silk.NET.Maths": "2.21.0"
        }
      },
      "Silk.NET.Windowing.Glfw": {
        "type": "Transitive",
        "resolved": "2.21.0",
        "contentHash": "q6EP6H9ZIksBTtN+QJiVU8HoHTMFpfkq5zYerikUGjtpPFf6U7ZamYp1Wjx8Hha/4SXyF/dSy58mWxWqjmhzRw==",
        "dependencies": {
          "Silk.NET.GLFW": "2.21.0",
          "Silk.NET.Windowing.Common": "2.21.0"
        }
      },
      "Silk.NET.Windowing.Sdl": {
        "type": "Transitive",
        "resolved": "2.21.0",
        "contentHash": "hxOGDdhF2d5oxcaUCdgWE5x3KUza9vxHYY2kVSawONRnSh+Irv39FAEDSzaYM9d9e+x3jDybUs2MbcaO2oXLRw==",
        "dependencies": {
          "Silk.NET.SDL": "2.21.0",
          "Silk.NET.Windowing.Common": "2.21.0"
        }
      },
      "SkiaSharp": {
        "type": "Transitive",
        "resolved": "2.88.9",
        "contentHash": "3MD5VHjXXieSHCleRLuaTXmL2pD0mB7CcOB1x2kA1I4bhptf4e3R27iM93264ZYuAq6mkUyX5XbcxnZvMJYc1Q==",
        "dependencies": {
          "SkiaSharp.NativeAssets.Win32": "2.88.9",
          "SkiaSharp.NativeAssets.macOS": "2.88.9"
        }
      },
      "SkiaSharp.HarfBuzz": {
        "type": "Transitive",
        "resolved": "2.88.9",
        "contentHash": "5lyjX04CSWTKFYMSNN6SMupV2qzYDr8W/u8S3ZEkr+Sg3kOi0YE06EOqG0tzn/YPBID89xam4L3rz3hUUKOGEQ==",
        "dependencies": {
          "HarfBuzzSharp": "7.3.0.3",
          "SkiaSharp": "2.88.9"
        }
      },
      "SkiaSharp.NativeAssets.Linux.NoDependencies": {
        "type": "Transitive",
        "resolved": "2.88.9",
        "contentHash": "ZA9syMvIuoqxPhyFTgde/bNV6VMdeYT9gRdNQT5O+ZjPK+a/nVkKRrqBbn7EVA7XQiW+xIycyT4gW/sea9eh+w==",
        "dependencies": {
          "SkiaSharp": "2.88.9"
        }
      },
      "SkiaSharp.NativeAssets.macOS": {
        "type": "Transitive",
        "resolved": "2.88.9",
        "contentHash": "Nv5spmKc4505Ep7oUoJ5vp3KweFpeNqxpyGDWyeEPTX2uR6S6syXIm3gj75dM0YJz7NPvcix48mR5laqs8dPuA=="
      },
      "SkiaSharp.NativeAssets.Win32": {
        "type": "Transitive",
        "resolved": "2.88.9",
        "contentHash": "wb2kYgU7iy84nQLYZwMeJXixvK++GoIuECjU4ECaUKNuflyRlJKyiRhN1MAHswvlvzuvkrjRWlK0Za6+kYQK7w=="
      },
      "Svg.Custom": {
        "type": "Transitive",
        "resolved": "3.2.1",
        "contentHash": "Wu0+Il+SZfY5+AT25b2PMlSbBrzGIo/6vMMMdOK8jd25I9tdJJbxOFJNG87gFgo9UY9OmpIFzVobGOHzFdJYeQ==",
        "dependencies": {
          "ExCSS": "4.3.1"
        }
      },
      "Svg.Model": {
        "type": "Transitive",
        "resolved": "3.2.1",
        "contentHash": "N4yWlvqv1XWZ+VvI29lT4HkEgtiP3rS/poMfWiVzz6Ao/3IjQCfmo2qrKphq77IqTdMYyh7wGDknMId7YrQY5Q==",
        "dependencies": {
          "ShimSkiaSharp": "3.2.1",
          "Svg.Custom": "3.2.1"
        }
      },
      "Svg.Skia": {
        "type": "Transitive",
        "resolved": "3.2.1",
        "contentHash": "pRJtMOc2hTcnxSu7cx6lf806S+2VrQ0eqUpGMBUQQ/pIIvzrtn0+lUjdABTvjr5rsdQF9OxE+r9npq2+3c6T4A==",
        "dependencies": {
          "SkiaSharp": "2.88.9",
          "Svg.Custom": "3.2.1",
          "Svg.Model": "3.2.1"
        }
      },
      "Topten.RichTextKit": {
        "type": "Transitive",
        "resolved": "0.4.164",
        "contentHash": "V8dCKdRj0k01UNVlLvykW4VeXaOFsNt3gOW+8o1fbIQ//dU8W41LZos2VxATIOZMi2LdlhIgBdoL4gkwiQqN6A==",
        "dependencies": {
          "SkiaSharp": "2.88.3",
          "SkiaSharp.HarfBuzz": "2.88.3"
        }
      },
      "Ultz.Native.GLFW": {
        "type": "Transitive",
        "resolved": "3.4.0",
        "contentHash": "Iy22JopynbOJ32vA0lBhFEzGi65GQJBuJHYBYRBpydrDpNoTiHnjIXfA65Gu+8qsOr/ZEoIF8r9aHCgAXuO6DA=="
      },
      "Ultz.Native.SDL": {
        "type": "Transitive",
        "resolved": "2.30.1",
        "contentHash": "5RRNMMEapbRdyFu1yk1HINakZRW0qycoTVR2DW3mb0AYsATro8Dek7POQP4H1bMpM4I3vGPkiKTM65CC9iSrCg=="
      },
      "xunit.abstractions": {
        "type": "Transitive",
        "resolved": "2.0.3",
        "contentHash": "pot1I4YOxlWjIb5jmwvvQNbTrZ3lJQ+jUGkGjWE3hEFM0l5gOnBWS+H3qsex68s5cO52g+44vpGzhAt+42vwKg=="
      },
      "xunit.analyzers": {
        "type": "Transitive",
        "resolved": "1.16.0",
        "contentHash": "hptYM7vGr46GUIgZt21YHO4rfuBAQS2eINbFo16CV/Dqq+24Tp+P5gDCACu1AbFfW4Sp/WRfDPSK8fmUUb8s0Q=="
      },
      "xunit.assert": {
        "type": "Transitive",
        "resolved": "2.9.2",
        "contentHash": "QkNBAQG4pa66cholm28AxijBjrmki98/vsEh4Sx5iplzotvPgpiotcxqJQMRC8d7RV7nIT8ozh97957hDnZwsQ=="
      },
      "xunit.core": {
        "type": "Transitive",
        "resolved": "2.9.2",
        "contentHash": "O6RrNSdmZ0xgEn5kT927PNwog5vxTtKrWMihhhrT0Sg9jQ7iBDciYOwzBgP2krBEk5/GBXI18R1lKvmnxGcb4w==",
        "dependencies": {
          "xunit.extensibility.core": "[2.9.2]",
          "xunit.extensibility.execution": "[2.9.2]"
        }
      },
      "xunit.extensibility.core": {
        "type": "Transitive",
        "resolved": "2.9.2",
        "contentHash": "Ol+KlBJz1x8BrdnhN2DeOuLrr1I/cTwtHCggL9BvYqFuVd/TUSzxNT5O0NxCIXth30bsKxgMfdqLTcORtM52yQ==",
        "dependencies": {
          "xunit.abstractions": "2.0.3"
        }
      },
      "xunit.extensibility.execution": {
        "type": "Transitive",
        "resolved": "2.9.2",
        "contentHash": "rKMpq4GsIUIJibXuZoZ8lYp5EpROlnYaRpwu9Zr0sRZXE7JqJfEEbCsUriZqB+ByXCLFBJyjkTRULMdC+U566g==",
        "dependencies": {
          "xunit.extensibility.core": "[2.9.2]"
        }
      },
      "fenbrowser.conformance": {
        "type": "Project",
        "dependencies": {
          "FenBrowser.Core": "[1.0.0, )",
          "FenBrowser.FenEngine": "[1.0.0, )",
          "FenBrowser.Host": "[0.1.0-alpha, )",
          "FenBrowser.Tooling": "[1.0.0, )"
        }
      },
      "fenbrowser.core": {
        "type": "Project",
        "dependencies": {
          "SkiaSharp": "[2.88.9, )"
        }
      },
      "fenbrowser.devtools": {
        "type": "Project",
        "dependencies": {
          "FenBrowser.Core": "[1.0.0, )",
          "FenBrowser.FenEngine": "[1.0.0, )",
          "SkiaSharp": "[2.88.9, )"
        }
      },
      "fenbrowser.fenengine": {
        "type": "Project",
        "dependencies": {
          "FenBrowser.Core": "[1.0.0, )",
          "FenBrowser.Js": "[1.0.0, )",
          "HarfBuzzSharp": "[8.3.1.2, )",
          "SkiaSharp": "[2.88.9, )",
          "SkiaSharp.HarfBuzz": "[2.88.9, )",
          "SkiaSharp.NativeAssets.Linux.NoDependencies": "[2.88.9, )",
          "Svg.Skia": "[3.2.1, )"
        }
      },
      "fenbrowser.host": {
        "type": "Project",
        "dependencies": {
          "FenBrowser.Core": "[1.0.0, )",
          "FenBrowser.DevTools": "[1.0.0, )",
          "FenBrowser.FenEngine": "[1.0.0, )",
          "FenBrowser.WebDriver": "[1.0.0, )",
          "Silk.NET.Input": "[2.21.0, )",
          "Silk.NET.OpenGLES": "[2.21.0, )",
          "Silk.NET.OpenGLES.ANGLE.Native": "[2025.9.12, )",
          "Silk.NET.OpenGLES.Extensions.EXT": "[2.23.0, )",
          "Silk.NET.Windowing": "[2.21.0, )",
          "SkiaSharp": "[2.88.9, )",
          "SkiaSharp.HarfBuzz": "[2.88.9, )",
          "SkiaSharp.NativeAssets.Win32": "[2.88.9, )",
          "Topten.RichTextKit": "[0.4.164, )"
        }
      },
      "fenbrowser.js": {
        "type": "Project",
        "dependencies": {
          "Microsoft.Extensions.Logging.Abstractions": "[10.0.0, )",
          "NodaTime": "[3.3.2, )"
        }
      },
      "fenbrowser.tooling": {
        "type": "Project",
        "dependencies": {
          "FenBrowser.Core": "[1.0.0, )",
          "FenBrowser.FenEngine": "[1.0.0, )",
          "FenBrowser.Host": "[0.1.0-alpha, )",
          "FenBrowser.WebDriver": "[1.0.0, )"
        }
      },
      "fenbrowser.webdriver": {
        "type": "Project",
        "dependencies": {
          "FenBrowser.Core": "[1.0.0, )"
        }
      }
    }
  }
}